
Microsoft Visual Studio Solution File, Format Version 12.00
# Visual Studio Version 17
VisualStudioVersion = 17.7.34202.233
MinimumVisualStudioVersion = 10.0.40219.1
Project("{2150E333-8FDC-42A3-9474-1A3956D46DE8}") = "tests", "tests", "{B916FEEB-E54B-4EC7-8CDA-F7214FB48DFF}"
EndProject
Project("{9A19103F-16F7-4668-BE54-9A1E7A4F7556}") = "TestUtilities", "tests\TestUtilities\TestUtilities.csproj", "{A1145EC4-96D1-4B3D-979A-1B2799618469}"
EndProject
Project("{2150E333-8FDC-42A3-9474-1A3956D46DE8}") = "external", "external", "{C54EF5B8-CB4B-4184-95B0-6B66D6ADA580}"
EndProject
Project("{9A19103F-16F7-4668-BE54-9A1E7A4F7556}") = "NovaSec", "external\NovaSec\NovaSec.csproj", "{EE71E3F2-C0B4-465C-BC23-CFEF623F897C}"
EndProject
Project("{9A19103F-16F7-4668-BE54-9A1E7A4F7556}") = "NovaSecTest", "external\NovaSecTest\NovaSecTest.csproj", "{BC6CCE66-8287-4071-9E0F-3082A46C83EE}"
EndProject
Project("{9A19103F-16F7-4668-BE54-9A1E7A4F7556}") = "DTOs.UnitTests", "tests\DTOs.UnitTests\DTOs.UnitTests.csproj", "{2275E75D-A3C7-4614-8DD3-0C3ADFEE4500}"
EndProject
Project("{9A19103F-16F7-4668-BE54-9A1E7A4F7556}") = "Entities.UnitTest", "tests\Entities.UnitTest\Entities.UnitTest.csproj", "{CF370D80-2656-4486-82FB-2D215B962C89}"
EndProject
Project("{9A19103F-16F7-4668-BE54-9A1E7A4F7556}") = "Operations.UnitTests", "tests\Operations.UnitTests\Operations.UnitTests.csproj", "{FD450E5A-2D65-4F1C-B98A-BCD8256772E1}"
EndProject
Project("{9A19103F-16F7-4668-BE54-9A1E7A4F7556}") = "DAOs.UnitTests", "tests\DAOs.UnitTests\DAOs.UnitTests.csproj", "{C7D2D979-229B-4203-9FAC-571AE32BCB11}"
EndProject
Project("{9A19103F-16F7-4668-BE54-9A1E7A4F7556}") = "Operations.IntegrationTests", "tests\Operations.IntegrationTests\Operations.IntegrationTests.csproj", "{B9742C63-FF2F-4A15-A2FE-1F71BA783A27}"
EndProject
Project("{9A19103F-16F7-4668-BE54-9A1E7A4F7556}") = "Api", "src\Api\Api.csproj", "{0568E2D4-BE5B-42C9-863D-A9B8212A3E4A}"
EndProject
Project("{9A19103F-16F7-4668-BE54-9A1E7A4F7556}") = "DAOs", "src\DAOs\DAOs.csproj", "{2993CDAE-C54D-459C-B55F-90C26B5867C9}"
EndProject
Project("{9A19103F-16F7-4668-BE54-9A1E7A4F7556}") = "DTOs", "src\DTOs\DTOs.csproj", "{A22398CA-E8F5-4BA5-AB84-138BE22FA6CC}"
EndProject
Project("{9A19103F-16F7-4668-BE54-9A1E7A4F7556}") = "Entities", "src\Entities\Entities.csproj", "{415F4C82-165E-4114-9A3A-6D0FE9335CD5}"
EndProject
Project("{9A19103F-16F7-4668-BE54-9A1E7A4F7556}") = "Jobs", "src\Jobs\Jobs.csproj", "{4F4BB6FE-DAB7-419A-94A5-4BCA4F44312D}"
EndProject
Project("{9A19103F-16F7-4668-BE54-9A1E7A4F7556}") = "Models", "src\Models\Models.csproj", "{64D78D83-1B06-4073-A8A0-15EC4051C4BC}"
EndProject
Project("{9A19103F-16F7-4668-BE54-9A1E7A4F7556}") = "Operations", "src\Operations\Operations.csproj", "{CDFD855A-254C-40FD-A69B-8000D92457FC}"
EndProject
Project("{9A19103F-16F7-4668-BE54-9A1E7A4F7556}") = "Primitives", "src\Primitives\Primitives.csproj", "{32813562-13A7-42B8-8AB0-63193AD12E47}"
EndProject
Project("{FAE04EC0-301F-11D3-BF4B-00C04F79EFBC}") = "Models.UnitTests", "tests\Models.UnitTests\Models.UnitTests.csproj", "{B731F93E-A7C5-4AE1-8C30-1623A939C05B}"
EndProject
Global
	GlobalSection(SolutionConfigurationPlatforms) = preSolution
		Debug|Any CPU = Debug|Any CPU
		Release|Any CPU = Release|Any CPU
	EndGlobalSection
	GlobalSection(ProjectConfigurationPlatforms) = postSolution
		{A1145EC4-96D1-4B3D-979A-1B2799618469}.Debug|Any CPU.ActiveCfg = Debug|Any CPU
		{A1145EC4-96D1-4B3D-979A-1B2799618469}.Debug|Any CPU.Build.0 = Debug|Any CPU
		{A1145EC4-96D1-4B3D-979A-1B2799618469}.Release|Any CPU.ActiveCfg = Release|Any CPU
		{A1145EC4-96D1-4B3D-979A-1B2799618469}.Release|Any CPU.Build.0 = Release|Any CPU
		{EE71E3F2-C0B4-465C-BC23-CFEF623F897C}.Debug|Any CPU.ActiveCfg = Debug|Any CPU
		{EE71E3F2-C0B4-465C-BC23-CFEF623F897C}.Debug|Any CPU.Build.0 = Debug|Any CPU
		{EE71E3F2-C0B4-465C-BC23-CFEF623F897C}.Release|Any CPU.ActiveCfg = Release|Any CPU
		{EE71E3F2-C0B4-465C-BC23-CFEF623F897C}.Release|Any CPU.Build.0 = Release|Any CPU
		{BC6CCE66-8287-4071-9E0F-3082A46C83EE}.Debug|Any CPU.ActiveCfg = Debug|Any CPU
		{BC6CCE66-8287-4071-9E0F-3082A46C83EE}.Debug|Any CPU.Build.0 = Debug|Any CPU
		{BC6CCE66-8287-4071-9E0F-3082A46C83EE}.Release|Any CPU.ActiveCfg = Release|Any CPU
		{BC6CCE66-8287-4071-9E0F-3082A46C83EE}.Release|Any CPU.Build.0 = Release|Any CPU
		{2275E75D-A3C7-4614-8DD3-0C3ADFEE4500}.Debug|Any CPU.ActiveCfg = Debug|Any CPU
		{2275E75D-A3C7-4614-8DD3-0C3ADFEE4500}.Debug|Any CPU.Build.0 = Debug|Any CPU
		{2275E75D-A3C7-4614-8DD3-0C3ADFEE4500}.Release|Any CPU.ActiveCfg = Release|Any CPU
		{2275E75D-A3C7-4614-8DD3-0C3ADFEE4500}.Release|Any CPU.Build.0 = Release|Any CPU
		{CF370D80-2656-4486-82FB-2D215B962C89}.Debug|Any CPU.ActiveCfg = Debug|Any CPU
		{CF370D80-2656-4486-82FB-2D215B962C89}.Debug|Any CPU.Build.0 = Debug|Any CPU
		{CF370D80-2656-4486-82FB-2D215B962C89}.Release|Any CPU.ActiveCfg = Release|Any CPU
		{CF370D80-2656-4486-82FB-2D215B962C89}.Release|Any CPU.Build.0 = Release|Any CPU
		{FD450E5A-2D65-4F1C-B98A-BCD8256772E1}.Debug|Any CPU.ActiveCfg = Debug|Any CPU
		{FD450E5A-2D65-4F1C-B98A-BCD8256772E1}.Debug|Any CPU.Build.0 = Debug|Any CPU
		{FD450E5A-2D65-4F1C-B98A-BCD8256772E1}.Release|Any CPU.ActiveCfg = Release|Any CPU
		{FD450E5A-2D65-4F1C-B98A-BCD8256772E1}.Release|Any CPU.Build.0 = Release|Any CPU
		{C7D2D979-229B-4203-9FAC-571AE32BCB11}.Debug|Any CPU.ActiveCfg = Debug|Any CPU
		{C7D2D979-229B-4203-9FAC-571AE32BCB11}.Debug|Any CPU.Build.0 = Debug|Any CPU
		{C7D2D979-229B-4203-9FAC-571AE32BCB11}.Release|Any CPU.ActiveCfg = Release|Any CPU
		{C7D2D979-229B-4203-9FAC-571AE32BCB11}.Release|Any CPU.Build.0 = Release|Any CPU
		{B9742C63-FF2F-4A15-A2FE-1F71BA783A27}.Debug|Any CPU.ActiveCfg = Debug|Any CPU
		{B9742C63-FF2F-4A15-A2FE-1F71BA783A27}.Debug|Any CPU.Build.0 = Debug|Any CPU
		{B9742C63-FF2F-4A15-A2FE-1F71BA783A27}.Release|Any CPU.ActiveCfg = Release|Any CPU
		{B9742C63-FF2F-4A15-A2FE-1F71BA783A27}.Release|Any CPU.Build.0 = Release|Any CPU
		{B731F93E-A7C5-4AE1-8C30-1623A939C05B}.Debug|Any CPU.ActiveCfg = Debug|Any CPU
		{B731F93E-A7C5-4AE1-8C30-1623A939C05B}.Debug|Any CPU.Build.0 = Debug|Any CPU
		{B731F93E-A7C5-4AE1-8C30-1623A939C05B}.Release|Any CPU.ActiveCfg = Release|Any CPU
		{B731F93E-A7C5-4AE1-8C30-1623A939C05B}.Release|Any CPU.Build.0 = Release|Any CPU
		{0568E2D4-BE5B-42C9-863D-A9B8212A3E4A}.Debug|Any CPU.ActiveCfg = Debug|Any CPU
		{0568E2D4-BE5B-42C9-863D-A9B8212A3E4A}.Debug|Any CPU.Build.0 = Debug|Any CPU
		{0568E2D4-BE5B-42C9-863D-A9B8212A3E4A}.Release|Any CPU.ActiveCfg = Release|Any CPU
		{0568E2D4-BE5B-42C9-863D-A9B8212A3E4A}.Release|Any CPU.Build.0 = Release|Any CPU
		{2993CDAE-C54D-459C-B55F-90C26B5867C9}.Debug|Any CPU.ActiveCfg = Debug|Any CPU
		{2993CDAE-C54D-459C-B55F-90C26B5867C9}.Debug|Any CPU.Build.0 = Debug|Any CPU
		{2993CDAE-C54D-459C-B55F-90C26B5867C9}.Release|Any CPU.ActiveCfg = Release|Any CPU
		{2993CDAE-C54D-459C-B55F-90C26B5867C9}.Release|Any CPU.Build.0 = Release|Any CPU
		{A22398CA-E8F5-4BA5-AB84-138BE22FA6CC}.Debug|Any CPU.ActiveCfg = Debug|Any CPU
		{A22398CA-E8F5-4BA5-AB84-138BE22FA6CC}.Debug|Any CPU.Build.0 = Debug|Any CPU
		{A22398CA-E8F5-4BA5-AB84-138BE22FA6CC}.Release|Any CPU.ActiveCfg = Release|Any CPU
		{A22398CA-E8F5-4BA5-AB84-138BE22FA6CC}.Release|Any CPU.Build.0 = Release|Any CPU
		{415F4C82-165E-4114-9A3A-6D0FE9335CD5}.Debug|Any CPU.ActiveCfg = Debug|Any CPU
		{415F4C82-165E-4114-9A3A-6D0FE9335CD5}.Debug|Any CPU.Build.0 = Debug|Any CPU
		{415F4C82-165E-4114-9A3A-6D0FE9335CD5}.Release|Any CPU.ActiveCfg = Release|Any CPU
		{415F4C82-165E-4114-9A3A-6D0FE9335CD5}.Release|Any CPU.Build.0 = Release|Any CPU
		{4F4BB6FE-DAB7-419A-94A5-4BCA4F44312D}.Debug|Any CPU.ActiveCfg = Debug|Any CPU
		{4F4BB6FE-DAB7-419A-94A5-4BCA4F44312D}.Debug|Any CPU.Build.0 = Debug|Any CPU
		{4F4BB6FE-DAB7-419A-94A5-4BCA4F44312D}.Release|Any CPU.ActiveCfg = Release|Any CPU
		{4F4BB6FE-DAB7-419A-94A5-4BCA4F44312D}.Release|Any CPU.Build.0 = Release|Any CPU
		{64D78D83-1B06-4073-A8A0-15EC4051C4BC}.Debug|Any CPU.ActiveCfg = Debug|Any CPU
		{64D78D83-1B06-4073-A8A0-15EC4051C4BC}.Debug|Any CPU.Build.0 = Debug|Any CPU
		{64D78D83-1B06-4073-A8A0-15EC4051C4BC}.Release|Any CPU.ActiveCfg = Release|Any CPU
		{64D78D83-1B06-4073-A8A0-15EC4051C4BC}.Release|Any CPU.Build.0 = Release|Any CPU
		{CDFD855A-254C-40FD-A69B-8000D92457FC}.Debug|Any CPU.ActiveCfg = Debug|Any CPU
		{CDFD855A-254C-40FD-A69B-8000D92457FC}.Debug|Any CPU.Build.0 = Debug|Any CPU
		{CDFD855A-254C-40FD-A69B-8000D92457FC}.Release|Any CPU.ActiveCfg = Release|Any CPU
		{CDFD855A-254C-40FD-A69B-8000D92457FC}.Release|Any CPU.Build.0 = Release|Any CPU
		{32813562-13A7-42B8-8AB0-63193AD12E47}.Debug|Any CPU.ActiveCfg = Debug|Any CPU
		{32813562-13A7-42B8-8AB0-63193AD12E47}.Debug|Any CPU.Build.0 = Debug|Any CPU
		{32813562-13A7-42B8-8AB0-63193AD12E47}.Release|Any CPU.ActiveCfg = Release|Any CPU
		{32813562-13A7-42B8-8AB0-63193AD12E47}.Release|Any CPU.Build.0 = Release|Any CPU
	EndGlobalSection
	GlobalSection(SolutionProperties) = preSolution
		HideSolutionNode = FALSE
	EndGlobalSection
	GlobalSection(NestedProjects) = preSolution
		{A1145EC4-96D1-4B3D-979A-1B2799618469} = {B916FEEB-E54B-4EC7-8CDA-F7214FB48DFF}
		{EE71E3F2-C0B4-465C-BC23-CFEF623F897C} = {C54EF5B8-CB4B-4184-95B0-6B66D6ADA580}
		{BC6CCE66-8287-4071-9E0F-3082A46C83EE} = {C54EF5B8-CB4B-4184-95B0-6B66D6ADA580}
		{2275E75D-A3C7-4614-8DD3-0C3ADFEE4500} = {B916FEEB-E54B-4EC7-8CDA-F7214FB48DFF}
		{CF370D80-2656-4486-82FB-2D215B962C89} = {B916FEEB-E54B-4EC7-8CDA-F7214FB48DFF}
		{FD450E5A-2D65-4F1C-B98A-BCD8256772E1} = {B916FEEB-E54B-4EC7-8CDA-F7214FB48DFF}
		{C7D2D979-229B-4203-9FAC-571AE32BCB11} = {B916FEEB-E54B-4EC7-8CDA-F7214FB48DFF}
		{B9742C63-FF2F-4A15-A2FE-1F71BA783A27} = {B916FEEB-E54B-4EC7-8CDA-F7214FB48DFF}
		{B731F93E-A7C5-4AE1-8C30-1623A939C05B} = {B916FEEB-E54B-4EC7-8CDA-F7214FB48DFF}
	EndGlobalSection
	GlobalSection(ExtensibilityGlobals) = postSolution
		SolutionGuid = {66952084-C078-462E-B261-9220A91954D5}
	EndGlobalSection
EndGlobal
